
Microsoft Visual Studio Solution File, Format Version 12.00
# Visual Studio Version 17
VisualStudioVersion = 17.12.35527.113 d17.12
MinimumVisualStudioVersion = 10.0.40219.1
Project("{FAE04EC0-301F-11D3-BF4B-00C04F79EFBC}") = "Cours 3 - Swagger API", "Cours 3 - Swagger API.csproj", "{2BEE2DD8-A809-46D2-A0AD-0D415A7A5512}"
EndProject
Global
	GlobalSection(SolutionConfigurationPlatforms) = preSolution
		Debug|Any CPU = Debug|Any CPU
		Release|Any CPU = Release|Any CPU
	EndGlobalSection
	GlobalSection(ProjectConfigurationPlatforms) = postSolution
		{2BEE2DD8-A809-46D2-A0AD-0D415A7A5512}.Debug|Any CPU.ActiveCfg = Debug|Any CPU
		{2BEE2DD8-A809-46D2-A0AD-0D415A7A5512}.Debug|Any CPU.Build.0 = Debug|Any CPU
		{2BEE2DD8-A809-46D2-A0AD-0D415A7A5512}.Release|Any CPU.ActiveCfg = Release|Any CPU
		{2BEE2DD8-A809-46D2-A0AD-0D415A7A5512}.Release|Any CPU.Build.0 = Release|Any CPU
	EndGlobalSection
	GlobalSection(SolutionProperties) = preSolution
		HideSolutionNode = FALSE
	EndGlobalSection
EndGlobal
